
Microsoft Visual Studio Solution File, Format Version 12.00
# Visual Studio Version 16
VisualStudioVersion = 16.0.29215.179
MinimumVisualStudioVersion = 10.0.40219.1
Project("{FAE04EC0-301F-11D3-BF4B-00C04F79EFBC}") = "WebMedicalNew", "WebMedicalNew.csproj", "{5C1C1D74-5A40-402E-BF09-0D745958263E}"
EndProject
Project("{FAE04EC0-301F-11D3-BF4B-00C04F79EFBC}") = "EatrikiVideoCall", "..\EatrikiVideoCall\EatrikiVideoCall\EatrikiVideoCall.csproj", "{EB95E9A4-214D-43E7-9F63-2FE5AD4D4AE4}"
EndProject
Global
	GlobalSection(SolutionConfigurationPlatforms) = preSolution
		Debug|Any CPU = Debug|Any CPU
		Release|Any CPU = Release|Any CPU
	EndGlobalSection
	GlobalSection(ProjectConfigurationPlatforms) = postSolution
		{5C1C1D74-5A40-402E-BF09-0D745958263E}.Debug|Any CPU.ActiveCfg = Debug|Any CPU
		{5C1C1D74-5A40-402E-BF09-0D745958263E}.Debug|Any CPU.Build.0 = Debug|Any CPU
		{5C1C1D74-5A40-402E-BF09-0D745958263E}.Release|Any CPU.ActiveCfg = Release|Any CPU
		{5C1C1D74-5A40-402E-BF09-0D745958263E}.Release|Any CPU.Build.0 = Release|Any CPU
		{EB95E9A4-214D-43E7-9F63-2FE5AD4D4AE4}.Debug|Any CPU.ActiveCfg = Debug|Any CPU
		{EB95E9A4-214D-43E7-9F63-2FE5AD4D4AE4}.Debug|Any CPU.Build.0 = Debug|Any CPU
		{EB95E9A4-214D-43E7-9F63-2FE5AD4D4AE4}.Release|Any CPU.ActiveCfg = Release|Any CPU
		{EB95E9A4-214D-43E7-9F63-2FE5AD4D4AE4}.Release|Any CPU.Build.0 = Release|Any CPU
	EndGlobalSection
	GlobalSection(SolutionProperties) = preSolution
		HideSolutionNode = FALSE
	EndGlobalSection
	GlobalSection(ExtensibilityGlobals) = postSolution
		SolutionGuid = {29CF76C0-B242-45B7-AD2F-77C553E7D464}
	EndGlobalSection
EndGlobal
